
Microsoft Visual Studio Solution File, Format Version 12.00
# Visual Studio 15
VisualStudioVersion = 15.0.28307.1684
MinimumVisualStudioVersion = 10.0.40219.1
Project("{FAE04EC0-301F-11D3-BF4B-00C04F79EFBC}") = "MVCProjeKampi", "MVCProjeKampi\MVCProjeKampi.csproj", "{216BA8C2-4CAA-47AC-AF95-B7781E809716}"
EndProject
Project("{FAE04EC0-301F-11D3-BF4B-00C04F79EFBC}") = "DataAccessLayer", "DataAccessLayer\DataAccessLayer.csproj", "{5560BF3E-A8B7-4C5B-9046-C0A9175EE52D}"
EndProject
Project("{FAE04EC0-301F-11D3-BF4B-00C04F79EFBC}") = "EntityLayer", "EntityLayer\EntityLayer.csproj", "{5B2D8050-C06A-449A-9657-15AA4A743C03}"
EndProject
Project("{FAE04EC0-301F-11D3-BF4B-00C04F79EFBC}") = "BusinessLayer", "BusinessLayer\BusinessLayer.csproj", "{4AE52676-6CAA-45F0-9103-B8D66A4E49E4}"
EndProject
Global
	GlobalSection(SolutionConfigurationPlatforms) = preSolution
		Debug|Any CPU = Debug|Any CPU
		Release|Any CPU = Release|Any CPU
	EndGlobalSection
	GlobalSection(ProjectConfigurationPlatforms) = postSolution
		{216BA8C2-4CAA-47AC-AF95-B7781E809716}.Debug|Any CPU.ActiveCfg = Debug|Any CPU
		{216BA8C2-4CAA-47AC-AF95-B7781E809716}.Debug|Any CPU.Build.0 = Debug|Any CPU
		{216BA8C2-4CAA-47AC-AF95-B7781E809716}.Release|Any CPU.ActiveCfg = Release|Any CPU
		{216BA8C2-4CAA-47AC-AF95-B7781E809716}.Release|Any CPU.Build.0 = Release|Any CPU
		{5560BF3E-A8B7-4C5B-9046-C0A9175EE52D}.Debug|Any CPU.ActiveCfg = Debug|Any CPU
		{5560BF3E-A8B7-4C5B-9046-C0A9175EE52D}.Debug|Any CPU.Build.0 = Debug|Any CPU
		{5560BF3E-A8B7-4C5B-9046-C0A9175EE52D}.Release|Any CPU.ActiveCfg = Release|Any CPU
		{5560BF3E-A8B7-4C5B-9046-C0A9175EE52D}.Release|Any CPU.Build.0 = Release|Any CPU
		{5B2D8050-C06A-449A-9657-15AA4A743C03}.Debug|Any CPU.ActiveCfg = Debug|Any CPU
		{5B2D8050-C06A-449A-9657-15AA4A743C03}.Debug|Any CPU.Build.0 = Debug|Any CPU
		{5B2D8050-C06A-449A-9657-15AA4A743C03}.Release|Any CPU.ActiveCfg = Release|Any CPU
		{5B2D8050-C06A-449A-9657-15AA4A743C03}.Release|Any CPU.Build.0 = Release|Any CPU
		{4AE52676-6CAA-45F0-9103-B8D66A4E49E4}.Debug|Any CPU.ActiveCfg = Debug|Any CPU
		{4AE52676-6CAA-45F0-9103-B8D66A4E49E4}.Debug|Any CPU.Build.0 = Debug|Any CPU
		{4AE52676-6CAA-45F0-9103-B8D66A4E49E4}.Release|Any CPU.ActiveCfg = Release|Any CPU
		{4AE52676-6CAA-45F0-9103-B8D66A4E49E4}.Release|Any CPU.Build.0 = Release|Any CPU
	EndGlobalSection
	GlobalSection(SolutionProperties) = preSolution
		HideSolutionNode = FALSE
	EndGlobalSection
	GlobalSection(ExtensibilityGlobals) = postSolution
		SolutionGuid = {EBA051A1-FEE8-443A-A1DE-06DB0A3AEB9E}
	EndGlobalSection
EndGlobal
